
Microsoft Visual Studio Solution File, Format Version 12.00
# Visual Studio Version 16
VisualStudioVersion = 16.0.31727.386
MinimumVisualStudioVersion = 10.0.40219.1
Project("{FAE04EC0-301F-11D3-BF4B-00C04F79EFBC}") = "myEDI_2", "myEDI\myEDI_2.csproj", "{EF399B37-3CAA-4996-A5EF-383AAF5235CC}"
EndProject
Global
	GlobalSection(SolutionConfigurationPlatforms) = preSolution
		Debug|Any CPU = Debug|Any CPU
		Release|Any CPU = Release|Any CPU
	EndGlobalSection
	GlobalSection(ProjectConfigurationPlatforms) = postSolution
		{EF399B37-3CAA-4996-A5EF-383AAF5235CC}.Debug|Any CPU.ActiveCfg = Debug|Any CPU
		{EF399B37-3CAA-4996-A5EF-383AAF5235CC}.Debug|Any CPU.Build.0 = Debug|Any CPU
		{EF399B37-3CAA-4996-A5EF-383AAF5235CC}.Release|Any CPU.ActiveCfg = Release|Any CPU
		{EF399B37-3CAA-4996-A5EF-383AAF5235CC}.Release|Any CPU.Build.0 = Release|Any CPU
	EndGlobalSection
	GlobalSection(SolutionProperties) = preSolution
		HideSolutionNode = FALSE
	EndGlobalSection
	GlobalSection(ExtensibilityGlobals) = postSolution
		SolutionGuid = {64459674-00B2-4CF5-BC1A-198D31F56502}
	EndGlobalSection
EndGlobal
